
Microsoft Visual Studio Solution File, Format Version 12.00
# Visual Studio 2013
VisualStudioVersion = 12.0.21005.1
MinimumVisualStudioVersion = 10.0.40219.1
Project("{FAE04EC0-301F-11D3-BF4B-00C04F79EFBC}") = "IrisLib.Validators", "IrisLib.Validators\IrisLib.Validators.csproj", "{C08091C1-A2EE-46BE-9827-51D0878A3773}"
EndProject
Project("{FAE04EC0-301F-11D3-BF4B-00C04F79EFBC}") = "IrisLib.Helpers", "IrisLib.Helpers\IrisLib.Helpers.csproj", "{74EA6DB9-0A54-4484-8D07-E846BC3E2D36}"
EndProject
Project("{FAE04EC0-301F-11D3-BF4B-00C04F79EFBC}") = "IrisLib.Architecture", "IrisLib.Architecture\IrisLib.Architecture.csproj", "{F72F4279-B8C2-46B8-A67A-CE7BAC33C52A}"
EndProject
Global
	GlobalSection(SolutionConfigurationPlatforms) = preSolution
		Debug|Any CPU = Debug|Any CPU
		Release|Any CPU = Release|Any CPU
	EndGlobalSection
	GlobalSection(ProjectConfigurationPlatforms) = postSolution
		{C08091C1-A2EE-46BE-9827-51D0878A3773}.Debug|Any CPU.ActiveCfg = Debug|Any CPU
		{C08091C1-A2EE-46BE-9827-51D0878A3773}.Debug|Any CPU.Build.0 = Debug|Any CPU
		{C08091C1-A2EE-46BE-9827-51D0878A3773}.Release|Any CPU.ActiveCfg = Release|Any CPU
		{C08091C1-A2EE-46BE-9827-51D0878A3773}.Release|Any CPU.Build.0 = Release|Any CPU
		{74EA6DB9-0A54-4484-8D07-E846BC3E2D36}.Debug|Any CPU.ActiveCfg = Debug|Any CPU
		{74EA6DB9-0A54-4484-8D07-E846BC3E2D36}.Debug|Any CPU.Build.0 = Debug|Any CPU
		{74EA6DB9-0A54-4484-8D07-E846BC3E2D36}.Release|Any CPU.ActiveCfg = Release|Any CPU
		{74EA6DB9-0A54-4484-8D07-E846BC3E2D36}.Release|Any CPU.Build.0 = Release|Any CPU
		{F72F4279-B8C2-46B8-A67A-CE7BAC33C52A}.Debug|Any CPU.ActiveCfg = Debug|Any CPU
		{F72F4279-B8C2-46B8-A67A-CE7BAC33C52A}.Debug|Any CPU.Build.0 = Debug|Any CPU
		{F72F4279-B8C2-46B8-A67A-CE7BAC33C52A}.Release|Any CPU.ActiveCfg = Release|Any CPU
		{F72F4279-B8C2-46B8-A67A-CE7BAC33C52A}.Release|Any CPU.Build.0 = Release|Any CPU
	EndGlobalSection
	GlobalSection(SolutionProperties) = preSolution
		HideSolutionNode = FALSE
	EndGlobalSection
EndGlobal
